
Microsoft Visual Studio Solution File, Format Version 12.00
Project("{8BC9CEB8-8B4A-11D0-8D11-00A0C91BC942}") = "Hello", "Hello\Hello.vcxproj", "{2A5B539E-FAE8-4E52-A3F8-0E25C0E06599}"
EndProject
Project("{8BC9CEB8-8B4A-11D0-8D11-00A0C91BC942}") = "add", "add\add.vcxproj", "{17CE0ED6-3882-4B0B-A010-765011F04AA5}"
EndProject
Project("{8BC9CEB8-8B4A-11D0-8D11-00A0C91BC942}") = "ex1_1", "ex1_1\ex1_1.vcxproj", "{C1D30883-FA60-40AA-BFF9-4552C0E4AAFC}"
EndProject
Project("{8BC9CEB8-8B4A-11D0-8D11-00A0C91BC942}") = "ex1_2", "ex1_2\ex1_2.vcxproj", "{54E37342-015A-4A5E-B082-2B1F8F430AF0}"
EndProject
Project("{8BC9CEB8-8B4A-11D0-8D11-00A0C91BC942}") = "ex1_3", "ex1_3\ex1_3.vcxproj", "{9E2FCD41-6F39-4B0D-8F52-DFA82CDBC321}"
EndProject
Project("{8BC9CEB8-8B4A-11D0-8D11-00A0C91BC942}") = "ex1_4", "ex1_4\ex1_4.vcxproj", "{2ED534E4-5991-4174-BA60-5C3186A17EEF}"
EndProject
Project("{8BC9CEB8-8B4A-11D0-8D11-00A0C91BC942}") = "Simple", "Simple\Simple.vcxproj", "{3070D3B3-C914-4222-95DB-1356979168A5}"
EndProject
Project("{8BC9CEB8-8B4A-11D0-8D11-00A0C91BC942}") = "ex2_2", "ex2_2\ex2_2.vcxproj", "{BB29C67B-8D75-4295-9739-53114315FAB5}"
EndProject
Project("{8BC9CEB8-8B4A-11D0-8D11-00A0C91BC942}") = "Simple_2", "Simple_2\Simple_2.vcxproj", "{D5B348D3-DAC8-4C08-BBBB-758C4E4C156B}"
EndProject
Project("{8BC9CEB8-8B4A-11D0-8D11-00A0C91BC942}") = "ex2_3", "ex2_3\ex2_3.vcxproj", "{24ACE87D-F1ED-4587-B338-A98E2ABD056F}"
EndProject
Project("{8BC9CEB8-8B4A-11D0-8D11-00A0C91BC942}") = "ex2_4", "ex2_4\ex2_4.vcxproj", "{BD24F7E6-4145-41A8-BE4C-558A2226E544}"
EndProject
Project("{8BC9CEB8-8B4A-11D0-8D11-00A0C91BC942}") = "ex2_5", "ex2_5\ex2_5.vcxproj", "{B3FE7321-9039-4C1E-BAAB-F0326A0A5A25}"
EndProject
Project("{8BC9CEB8-8B4A-11D0-8D11-00A0C91BC942}") = "ex2_6", "ex2_6\ex2_6.vcxproj", "{3FB881FD-C44D-4306-979E-5D9224B08D1D}"
EndProject
Project("{8BC9CEB8-8B4A-11D0-8D11-00A0C91BC942}") = "ex2_7", "ex2_7\ex2_7.vcxproj", "{2626A806-68A0-4166-9401-CF78867BC1C7}"
EndProject
Project("{8BC9CEB8-8B4A-11D0-8D11-00A0C91BC942}") = "ex2_8", "ex2_8\ex2_8.vcxproj", "{FD1960C8-52F3-4D16-A395-37C3635FBFB6}"
EndProject
Project("{8BC9CEB8-8B4A-11D0-8D11-00A0C91BC942}") = "ex2_9", "ex2_9\ex2_9.vcxproj", "{DCBD8856-B1D4-4E68-8B13-47AF778B84CA}"
EndProject
Project("{8BC9CEB8-8B4A-11D0-8D11-00A0C91BC942}") = "ex2_10", "ex2_10\ex2_10.vcxproj", "{99CFE2DD-7407-4EAA-982B-4628B306EA5C}"
EndProject
Project("{8BC9CEB8-8B4A-11D0-8D11-00A0C91BC942}") = "ex2_11", "ex2_11\ex2_11.vcxproj", "{F7184CD3-973E-467C-A096-382F49A52BB5}"
EndProject
Project("{8BC9CEB8-8B4A-11D0-8D11-00A0C91BC942}") = "ex2_12", "ex2_12\ex2_12.vcxproj", "{73D599AA-AA02-4C13-B9A9-A2B4A9C13339}"
EndProject
Project("{8BC9CEB8-8B4A-11D0-8D11-00A0C91BC942}") = "ex2_13", "ex2_13\ex2_13.vcxproj", "{830C390F-8E0B-4931-B23F-959984C55AFF}"
EndProject
Project("{8BC9CEB8-8B4A-11D0-8D11-00A0C91BC942}") = "ex2_14", "ex2_14\ex2_14.vcxproj", "{6430E099-25BB-4451-A33B-82F40B5382A7}"
EndProject
Project("{8BC9CEB8-8B4A-11D0-8D11-00A0C91BC942}") = "ex2_15", "ex2_15\ex2_15.vcxproj", "{A0B7F1B0-B4F8-43FF-A7F1-F2E1061F5EB0}"
EndProject
Project("{8BC9CEB8-8B4A-11D0-8D11-00A0C91BC942}") = "ex2_16", "ex2_16\ex2_16.vcxproj", "{24E84D95-D8A0-4D57-A14F-9F9A5398B227}"
EndProject
Project("{8BC9CEB8-8B4A-11D0-8D11-00A0C91BC942}") = "ex2_17", "ex2_17\ex2_17.vcxproj", "{24FA767E-6467-4720-AD79-240352B38830}"
EndProject
Project("{8BC9CEB8-8B4A-11D0-8D11-00A0C91BC942}") = "ex2_18", "ex2_18\ex2_18.vcxproj", "{3F68FCC3-FFDF-46A9-BD6F-3BE07AF0329A}"
EndProject
Project("{8BC9CEB8-8B4A-11D0-8D11-00A0C91BC942}") = "ex2_19", "ex2_19\ex2_19.vcxproj", "{A1C66F2F-4FAE-4FAE-8F1C-5263D318FCB6}"
EndProject
Project("{8BC9CEB8-8B4A-11D0-8D11-00A0C91BC942}") = "ex2_20", "ex2_20\ex2_20.vcxproj", "{5567C605-3643-4A77-86FD-1032C490D1AB}"
EndProject
Project("{8BC9CEB8-8B4A-11D0-8D11-00A0C91BC942}") = "ex2_21", "ex2_21\ex2_21.vcxproj", "{9C760DD2-0E5B-4ED3-AFFC-A0AAE01EC591}"
EndProject
Project("{8BC9CEB8-8B4A-11D0-8D11-00A0C91BC942}") = "ex2_22", "ex2_22\ex2_22.vcxproj", "{7CDE4544-7D84-45C7-9711-1AF55F66F41F}"
EndProject
Project("{8BC9CEB8-8B4A-11D0-8D11-00A0C91BC942}") = "ex2_23", "ex2_23\ex2_23.vcxproj", "{EDD3DB13-2CDF-499E-A934-05BFF82C926F}"
EndProject
Project("{8BC9CEB8-8B4A-11D0-8D11-00A0C91BC942}") = "ex2_24", "ex2_24\ex2_24.vcxproj", "{225F01DA-0A8B-4864-A8D2-895456FDA3FD}"
EndProject
Global
	GlobalSection(SolutionConfigurationPlatforms) = preSolution
		Debug|Win32 = Debug|Win32
		Debug|x64 = Debug|x64
		Release|Win32 = Release|Win32
		Release|x64 = Release|x64
	EndGlobalSection
	GlobalSection(ProjectConfigurationPlatforms) = postSolution
		{2A5B539E-FAE8-4E52-A3F8-0E25C0E06599}.Debug|Win32.ActiveCfg = Debug|Win32
		{2A5B539E-FAE8-4E52-A3F8-0E25C0E06599}.Debug|Win32.Build.0 = Debug|Win32
		{2A5B539E-FAE8-4E52-A3F8-0E25C0E06599}.Debug|x64.ActiveCfg = Debug|x64
		{2A5B539E-FAE8-4E52-A3F8-0E25C0E06599}.Debug|x64.Build.0 = Debug|x64
		{2A5B539E-FAE8-4E52-A3F8-0E25C0E06599}.Release|Win32.ActiveCfg = Release|Win32
		{2A5B539E-FAE8-4E52-A3F8-0E25C0E06599}.Release|Win32.Build.0 = Release|Win32
		{2A5B539E-FAE8-4E52-A3F8-0E25C0E06599}.Release|x64.ActiveCfg = Release|x64
		{2A5B539E-FAE8-4E52-A3F8-0E25C0E06599}.Release|x64.Build.0 = Release|x64
		{17CE0ED6-3882-4B0B-A010-765011F04AA5}.Debug|Win32.ActiveCfg = Debug|Win32
		{17CE0ED6-3882-4B0B-A010-765011F04AA5}.Debug|Win32.Build.0 = Debug|Win32
		{17CE0ED6-3882-4B0B-A010-765011F04AA5}.Debug|x64.ActiveCfg = Debug|x64
		{17CE0ED6-3882-4B0B-A010-765011F04AA5}.Debug|x64.Build.0 = Debug|x64
		{17CE0ED6-3882-4B0B-A010-765011F04AA5}.Release|Win32.ActiveCfg = Release|Win32
		{17CE0ED6-3882-4B0B-A010-765011F04AA5}.Release|Win32.Build.0 = Release|Win32
		{17CE0ED6-3882-4B0B-A010-765011F04AA5}.Release|x64.ActiveCfg = Release|x64
		{17CE0ED6-3882-4B0B-A010-765011F04AA5}.Release|x64.Build.0 = Release|x64
		{C1D30883-FA60-40AA-BFF9-4552C0E4AAFC}.Debug|Win32.ActiveCfg = Debug|Win32
		{C1D30883-FA60-40AA-BFF9-4552C0E4AAFC}.Debug|Win32.Build.0 = Debug|Win32
		{C1D30883-FA60-40AA-BFF9-4552C0E4AAFC}.Debug|x64.ActiveCfg = Debug|x64
		{C1D30883-FA60-40AA-BFF9-4552C0E4AAFC}.Debug|x64.Build.0 = Debug|x64
		{C1D30883-FA60-40AA-BFF9-4552C0E4AAFC}.Release|Win32.ActiveCfg = Release|Win32
		{C1D30883-FA60-40AA-BFF9-4552C0E4AAFC}.Release|Win32.Build.0 = Release|Win32
		{C1D30883-FA60-40AA-BFF9-4552C0E4AAFC}.Release|x64.ActiveCfg = Release|x64
		{C1D30883-FA60-40AA-BFF9-4552C0E4AAFC}.Release|x64.Build.0 = Release|x64
		{54E37342-015A-4A5E-B082-2B1F8F430AF0}.Debug|Win32.ActiveCfg = Debug|Win32
		{54E37342-015A-4A5E-B082-2B1F8F430AF0}.Debug|Win32.Build.0 = Debug|Win32
		{54E37342-015A-4A5E-B082-2B1F8F430AF0}.Debug|x64.ActiveCfg = Debug|x64
		{54E37342-015A-4A5E-B082-2B1F8F430AF0}.Debug|x64.Build.0 = Debug|x64
		{54E37342-015A-4A5E-B082-2B1F8F430AF0}.Release|Win32.ActiveCfg = Release|Win32
		{54E37342-015A-4A5E-B082-2B1F8F430AF0}.Release|Win32.Build.0 = Release|Win32
		{54E37342-015A-4A5E-B082-2B1F8F430AF0}.Release|x64.ActiveCfg = Release|x64
		{54E37342-015A-4A5E-B082-2B1F8F430AF0}.Release|x64.Build.0 = Release|x64
		{9E2FCD41-6F39-4B0D-8F52-DFA82CDBC321}.Debug|Win32.ActiveCfg = Debug|Win32
		{9E2FCD41-6F39-4B0D-8F52-DFA82CDBC321}.Debug|Win32.Build.0 = Debug|Win32
		{9E2FCD41-6F39-4B0D-8F52-DFA82CDBC321}.Debug|x64.ActiveCfg = Debug|x64
		{9E2FCD41-6F39-4B0D-8F52-DFA82CDBC321}.Debug|x64.Build.0 = Debug|x64
		{9E2FCD41-6F39-4B0D-8F52-DFA82CDBC321}.Release|Win32.ActiveCfg = Release|Win32
		{9E2FCD41-6F39-4B0D-8F52-DFA82CDBC321}.Release|Win32.Build.0 = Release|Win32
		{9E2FCD41-6F39-4B0D-8F52-DFA82CDBC321}.Release|x64.ActiveCfg = Release|x64
		{9E2FCD41-6F39-4B0D-8F52-DFA82CDBC321}.Release|x64.Build.0 = Release|x64
		{2ED534E4-5991-4174-BA60-5C3186A17EEF}.Debug|Win32.ActiveCfg = Debug|Win32
		{2ED534E4-5991-4174-BA60-5C3186A17EEF}.Debug|Win32.Build.0 = Debug|Win32
		{2ED534E4-5991-4174-BA60-5C3186A17EEF}.Debug|x64.ActiveCfg = Debug|x64
		{2ED534E4-5991-4174-BA60-5C3186A17EEF}.Debug|x64.Build.0 = Debug|x64
		{2ED534E4-5991-4174-BA60-5C3186A17EEF}.Release|Win32.ActiveCfg = Release|Win32
		{2ED534E4-5991-4174-BA60-5C3186A17EEF}.Release|Win32.Build.0 = Release|Win32
		{2ED534E4-5991-4174-BA60-5C3186A17EEF}.Release|x64.ActiveCfg = Release|x64
		{2ED534E4-5991-4174-BA60-5C3186A17EEF}.Release|x64.Build.0 = Release|x64
		{3070D3B3-C914-4222-95DB-1356979168A5}.Debug|Win32.ActiveCfg = Debug|Win32
		{3070D3B3-C914-4222-95DB-1356979168A5}.Debug|Win32.Build.0 = Debug|Win32
		{3070D3B3-C914-4222-95DB-1356979168A5}.Debug|x64.ActiveCfg = Debug|x64
		{3070D3B3-C914-4222-95DB-1356979168A5}.Debug|x64.Build.0 = Debug|x64
		{3070D3B3-C914-4222-95DB-1356979168A5}.Release|Win32.ActiveCfg = Release|Win32
		{3070D3B3-C914-4222-95DB-1356979168A5}.Release|Win32.Build.0 = Release|Win32
		{3070D3B3-C914-4222-95DB-1356979168A5}.Release|x64.ActiveCfg = Release|x64
		{3070D3B3-C914-4222-95DB-1356979168A5}.Release|x64.Build.0 = Release|x64
		{BB29C67B-8D75-4295-9739-53114315FAB5}.Debug|Win32.ActiveCfg = Debug|Win32
		{BB29C67B-8D75-4295-9739-53114315FAB5}.Debug|Win32.Build.0 = Debug|Win32
		{BB29C67B-8D75-4295-9739-53114315FAB5}.Debug|x64.ActiveCfg = Debug|x64
		{BB29C67B-8D75-4295-9739-53114315FAB5}.Debug|x64.Build.0 = Debug|x64
		{BB29C67B-8D75-4295-9739-53114315FAB5}.Release|Win32.ActiveCfg = Release|Win32
		{BB29C67B-8D75-4295-9739-53114315FAB5}.Release|Win32.Build.0 = Release|Win32
		{BB29C67B-8D75-4295-9739-53114315FAB5}.Release|x64.ActiveCfg = Release|x64
		{BB29C67B-8D75-4295-9739-53114315FAB5}.Release|x64.Build.0 = Release|x64
		{D5B348D3-DAC8-4C08-BBBB-758C4E4C156B}.Debug|Win32.ActiveCfg = Debug|Win32
		{D5B348D3-DAC8-4C08-BBBB-758C4E4C156B}.Debug|Win32.Build.0 = Debug|Win32
		{D5B348D3-DAC8-4C08-BBBB-758C4E4C156B}.Debug|x64.ActiveCfg = Debug|x64
		{D5B348D3-DAC8-4C08-BBBB-758C4E4C156B}.Debug|x64.Build.0 = Debug|x64
		{D5B348D3-DAC8-4C08-BBBB-758C4E4C156B}.Release|Win32.ActiveCfg = Release|Win32
		{D5B348D3-DAC8-4C08-BBBB-758C4E4C156B}.Release|Win32.Build.0 = Release|Win32
		{D5B348D3-DAC8-4C08-BBBB-758C4E4C156B}.Release|x64.ActiveCfg = Release|x64
		{D5B348D3-DAC8-4C08-BBBB-758C4E4C156B}.Release|x64.Build.0 = Release|x64
		{24ACE87D-F1ED-4587-B338-A98E2ABD056F}.Debug|Win32.ActiveCfg = Debug|Win32
		{24ACE87D-F1ED-4587-B338-A98E2ABD056F}.Debug|Win32.Build.0 = Debug|Win32
		{24ACE87D-F1ED-4587-B338-A98E2ABD056F}.Debug|x64.ActiveCfg = Debug|x64
		{24ACE87D-F1ED-4587-B338-A98E2ABD056F}.Debug|x64.Build.0 = Debug|x64
		{24ACE87D-F1ED-4587-B338-A98E2ABD056F}.Release|Win32.ActiveCfg = Release|Win32
		{24ACE87D-F1ED-4587-B338-A98E2ABD056F}.Release|Win32.Build.0 = Release|Win32
		{24ACE87D-F1ED-4587-B338-A98E2ABD056F}.Release|x64.ActiveCfg = Release|x64
		{24ACE87D-F1ED-4587-B338-A98E2ABD056F}.Release|x64.Build.0 = Release|x64
		{BD24F7E6-4145-41A8-BE4C-558A2226E544}.Debug|Win32.ActiveCfg = Debug|Win32
		{BD24F7E6-4145-41A8-BE4C-558A2226E544}.Debug|Win32.Build.0 = Debug|Win32
		{BD24F7E6-4145-41A8-BE4C-558A2226E544}.Debug|x64.ActiveCfg = Debug|x64
		{BD24F7E6-4145-41A8-BE4C-558A2226E544}.Debug|x64.Build.0 = Debug|x64
		{BD24F7E6-4145-41A8-BE4C-558A2226E544}.Release|Win32.ActiveCfg = Release|Win32
		{BD24F7E6-4145-41A8-BE4C-558A2226E544}.Release|Win32.Build.0 = Release|Win32
		{BD24F7E6-4145-41A8-BE4C-558A2226E544}.Release|x64.ActiveCfg = Release|x64
		{BD24F7E6-4145-41A8-BE4C-558A2226E544}.Release|x64.Build.0 = Release|x64
		{B3FE7321-9039-4C1E-BAAB-F0326A0A5A25}.Debug|Win32.ActiveCfg = Debug|Win32
		{B3FE7321-9039-4C1E-BAAB-F0326A0A5A25}.Debug|Win32.Build.0 = Debug|Win32
		{B3FE7321-9039-4C1E-BAAB-F0326A0A5A25}.Debug|x64.ActiveCfg = Debug|x64
		{B3FE7321-9039-4C1E-BAAB-F0326A0A5A25}.Debug|x64.Build.0 = Debug|x64
		{B3FE7321-9039-4C1E-BAAB-F0326A0A5A25}.Release|Win32.ActiveCfg = Release|Win32
		{B3FE7321-9039-4C1E-BAAB-F0326A0A5A25}.Release|Win32.Build.0 = Release|Win32
		{B3FE7321-9039-4C1E-BAAB-F0326A0A5A25}.Release|x64.ActiveCfg = Release|x64
		{B3FE7321-9039-4C1E-BAAB-F0326A0A5A25}.Release|x64.Build.0 = Release|x64
		{3FB881FD-C44D-4306-979E-5D9224B08D1D}.Debug|Win32.ActiveCfg = Debug|Win32
		{3FB881FD-C44D-4306-979E-5D9224B08D1D}.Debug|Win32.Build.0 = Debug|Win32
		{3FB881FD-C44D-4306-979E-5D9224B08D1D}.Debug|x64.ActiveCfg = Debug|x64
		{3FB881FD-C44D-4306-979E-5D9224B08D1D}.Debug|x64.Build.0 = Debug|x64
		{3FB881FD-C44D-4306-979E-5D9224B08D1D}.Release|Win32.ActiveCfg = Release|Win32
		{3FB881FD-C44D-4306-979E-5D9224B08D1D}.Release|Win32.Build.0 = Release|Win32
		{3FB881FD-C44D-4306-979E-5D9224B08D1D}.Release|x64.ActiveCfg = Release|x64
		{3FB881FD-C44D-4306-979E-5D9224B08D1D}.Release|x64.Build.0 = Release|x64
		{2626A806-68A0-4166-9401-CF78867BC1C7}.Debug|Win32.ActiveCfg = Debug|Win32
		{2626A806-68A0-4166-9401-CF78867BC1C7}.Debug|Win32.Build.0 = Debug|Win32
		{2626A806-68A0-4166-9401-CF78867BC1C7}.Debug|x64.ActiveCfg = Debug|x64
		{2626A806-68A0-4166-9401-CF78867BC1C7}.Debug|x64.Build.0 = Debug|x64
		{2626A806-68A0-4166-9401-CF78867BC1C7}.Release|Win32.ActiveCfg = Release|Win32
		{2626A806-68A0-4166-9401-CF78867BC1C7}.Release|Win32.Build.0 = Release|Win32
		{2626A806-68A0-4166-9401-CF78867BC1C7}.Release|x64.ActiveCfg = Release|x64
		{2626A806-68A0-4166-9401-CF78867BC1C7}.Release|x64.Build.0 = Release|x64
		{FD1960C8-52F3-4D16-A395-37C3635FBFB6}.Debug|Win32.ActiveCfg = Debug|Win32
		{FD1960C8-52F3-4D16-A395-37C3635FBFB6}.Debug|Win32.Build.0 = Debug|Win32
		{FD1960C8-52F3-4D16-A395-37C3635FBFB6}.Debug|x64.ActiveCfg = Debug|x64
		{FD1960C8-52F3-4D16-A395-37C3635FBFB6}.Debug|x64.Build.0 = Debug|x64
		{FD1960C8-52F3-4D16-A395-37C3635FBFB6}.Release|Win32.ActiveCfg = Release|Win32
		{FD1960C8-52F3-4D16-A395-37C3635FBFB6}.Release|Win32.Build.0 = Release|Win32
		{FD1960C8-52F3-4D16-A395-37C3635FBFB6}.Release|x64.ActiveCfg = Release|x64
		{FD1960C8-52F3-4D16-A395-37C3635FBFB6}.Release|x64.Build.0 = Release|x64
		{DCBD8856-B1D4-4E68-8B13-47AF778B84CA}.Debug|Win32.ActiveCfg = Debug|Win32
		{DCBD8856-B1D4-4E68-8B13-47AF778B84CA}.Debug|Win32.Build.0 = Debug|Win32
		{DCBD8856-B1D4-4E68-8B13-47AF778B84CA}.Debug|x64.ActiveCfg = Debug|x64
		{DCBD8856-B1D4-4E68-8B13-47AF778B84CA}.Debug|x64.Build.0 = Debug|x64
		{DCBD8856-B1D4-4E68-8B13-47AF778B84CA}.Release|Win32.ActiveCfg = Release|Win32
		{DCBD8856-B1D4-4E68-8B13-47AF778B84CA}.Release|Win32.Build.0 = Release|Win32
		{DCBD8856-B1D4-4E68-8B13-47AF778B84CA}.Release|x64.ActiveCfg = Release|x64
		{DCBD8856-B1D4-4E68-8B13-47AF778B84CA}.Release|x64.Build.0 = Release|x64
		{99CFE2DD-7407-4EAA-982B-4628B306EA5C}.Debug|Win32.ActiveCfg = Debug|Win32
		{99CFE2DD-7407-4EAA-982B-4628B306EA5C}.Debug|Win32.Build.0 = Debug|Win32
		{99CFE2DD-7407-4EAA-982B-4628B306EA5C}.Debug|x64.ActiveCfg = Debug|x64
		{99CFE2DD-7407-4EAA-982B-4628B306EA5C}.Debug|x64.Build.0 = Debug|x64
		{99CFE2DD-7407-4EAA-982B-4628B306EA5C}.Release|Win32.ActiveCfg = Release|Win32
		{99CFE2DD-7407-4EAA-982B-4628B306EA5C}.Release|Win32.Build.0 = Release|Win32
		{99CFE2DD-7407-4EAA-982B-4628B306EA5C}.Release|x64.ActiveCfg = Release|x64
		{99CFE2DD-7407-4EAA-982B-4628B306EA5C}.Release|x64.Build.0 = Release|x64
		{F7184CD3-973E-467C-A096-382F49A52BB5}.Debug|Win32.ActiveCfg = Debug|Win32
		{F7184CD3-973E-467C-A096-382F49A52BB5}.Debug|Win32.Build.0 = Debug|Win32
		{F7184CD3-973E-467C-A096-382F49A52BB5}.Debug|x64.ActiveCfg = Debug|x64
		{F7184CD3-973E-467C-A096-382F49A52BB5}.Debug|x64.Build.0 = Debug|x64
		{F7184CD3-973E-467C-A096-382F49A52BB5}.Release|Win32.ActiveCfg = Release|Win32
		{F7184CD3-973E-467C-A096-382F49A52BB5}.Release|Win32.Build.0 = Release|Win32
		{F7184CD3-973E-467C-A096-382F49A52BB5}.Release|x64.ActiveCfg = Release|x64
		{F7184CD3-973E-467C-A096-382F49A52BB5}.Release|x64.Build.0 = Release|x64
		{73D599AA-AA02-4C13-B9A9-A2B4A9C13339}.Debug|Win32.ActiveCfg = Debug|Win32
		{73D599AA-AA02-4C13-B9A9-A2B4A9C13339}.Debug|Win32.Build.0 = Debug|Win32
		{73D599AA-AA02-4C13-B9A9-A2B4A9C13339}.Debug|x64.ActiveCfg = Debug|x64
		{73D599AA-AA02-4C13-B9A9-A2B4A9C13339}.Debug|x64.Build.0 = Debug|x64
		{73D599AA-AA02-4C13-B9A9-A2B4A9C13339}.Release|Win32.ActiveCfg = Release|Win32
		{73D599AA-AA02-4C13-B9A9-A2B4A9C13339}.Release|Win32.Build.0 = Release|Win32
		{73D599AA-AA02-4C13-B9A9-A2B4A9C13339}.Release|x64.ActiveCfg = Release|x64
		{73D599AA-AA02-4C13-B9A9-A2B4A9C13339}.Release|x64.Build.0 = Release|x64
		{830C390F-8E0B-4931-B23F-959984C55AFF}.Debug|Win32.ActiveCfg = Debug|Win32
		{830C390F-8E0B-4931-B23F-959984C55AFF}.Debug|Win32.Build.0 = Debug|Win32
		{830C390F-8E0B-4931-B23F-959984C55AFF}.Debug|x64.ActiveCfg = Debug|x64
		{830C390F-8E0B-4931-B23F-959984C55AFF}.Debug|x64.Build.0 = Debug|x64
		{830C390F-8E0B-4931-B23F-959984C55AFF}.Release|Win32.ActiveCfg = Release|Win32
		{830C390F-8E0B-4931-B23F-959984C55AFF}.Release|Win32.Build.0 = Release|Win32
		{830C390F-8E0B-4931-B23F-959984C55AFF}.Release|x64.ActiveCfg = Release|x64
		{830C390F-8E0B-4931-B23F-959984C55AFF}.Release|x64.Build.0 = Release|x64
		{6430E099-25BB-4451-A33B-82F40B5382A7}.Debug|Win32.ActiveCfg = Debug|Win32
		{6430E099-25BB-4451-A33B-82F40B5382A7}.Debug|Win32.Build.0 = Debug|Win32
		{6430E099-25BB-4451-A33B-82F40B5382A7}.Debug|x64.ActiveCfg = Debug|x64
		{6430E099-25BB-4451-A33B-82F40B5382A7}.Debug|x64.Build.0 = Debug|x64
		{6430E099-25BB-4451-A33B-82F40B5382A7}.Release|Win32.ActiveCfg = Release|Win32
		{6430E099-25BB-4451-A33B-82F40B5382A7}.Release|Win32.Build.0 = Release|Win32
		{6430E099-25BB-4451-A33B-82F40B5382A7}.Release|x64.ActiveCfg = Release|x64
		{6430E099-25BB-4451-A33B-82F40B5382A7}.Release|x64.Build.0 = Release|x64
		{A0B7F1B0-B4F8-43FF-A7F1-F2E1061F5EB0}.Debug|Win32.ActiveCfg = Debug|Win32
		{A0B7F1B0-B4F8-43FF-A7F1-F2E1061F5EB0}.Debug|Win32.Build.0 = Debug|Win32
		{A0B7F1B0-B4F8-43FF-A7F1-F2E1061F5EB0}.Debug|x64.ActiveCfg = Debug|x64
		{A0B7F1B0-B4F8-43FF-A7F1-F2E1061F5EB0}.Debug|x64.Build.0 = Debug|x64
		{A0B7F1B0-B4F8-43FF-A7F1-F2E1061F5EB0}.Release|Win32.ActiveCfg = Release|Win32
		{A0B7F1B0-B4F8-43FF-A7F1-F2E1061F5EB0}.Release|Win32.Build.0 = Release|Win32
		{A0B7F1B0-B4F8-43FF-A7F1-F2E1061F5EB0}.Release|x64.ActiveCfg = Release|x64
		{A0B7F1B0-B4F8-43FF-A7F1-F2E1061F5EB0}.Release|x64.Build.0 = Release|x64
		{24E84D95-D8A0-4D57-A14F-9F9A5398B227}.Debug|Win32.ActiveCfg = Debug|Win32
		{24E84D95-D8A0-4D57-A14F-9F9A5398B227}.Debug|Win32.Build.0 = Debug|Win32
		{24E84D95-D8A0-4D57-A14F-9F9A5398B227}.Debug|x64.ActiveCfg = Debug|x64
		{24E84D95-D8A0-4D57-A14F-9F9A5398B227}.Debug|x64.Build.0 = Debug|x64
		{24E84D95-D8A0-4D57-A14F-9F9A5398B227}.Release|Win32.ActiveCfg = Release|Win32
		{24E84D95-D8A0-4D57-A14F-9F9A5398B227}.Release|Win32.Build.0 = Release|Win32
		{24E84D95-D8A0-4D57-A14F-9F9A5398B227}.Release|x64.ActiveCfg = Release|x64
		{24E84D95-D8A0-4D57-A14F-9F9A5398B227}.Release|x64.Build.0 = Release|x64
		{24FA767E-6467-4720-AD79-240352B38830}.Debug|Win32.ActiveCfg = Debug|Win32
		{24FA767E-6467-4720-AD79-240352B38830}.Debug|Win32.Build.0 = Debug|Win32
		{24FA767E-6467-4720-AD79-240352B38830}.Debug|x64.ActiveCfg = Debug|x64
		{24FA767E-6467-4720-AD79-240352B38830}.Debug|x64.Build.0 = Debug|x64
		{24FA767E-6467-4720-AD79-240352B38830}.Release|Win32.ActiveCfg = Release|Win32
		{24FA767E-6467-4720-AD79-240352B38830}.Release|Win32.Build.0 = Release|Win32
		{24FA767E-6467-4720-AD79-240352B38830}.Release|x64.ActiveCfg = Release|x64
		{24FA767E-6467-4720-AD79-240352B38830}.Release|x64.Build.0 = Release|x64
		{3F68FCC3-FFDF-46A9-BD6F-3BE07AF0329A}.Debug|Win32.ActiveCfg = Debug|Win32
		{3F68FCC3-FFDF-46A9-BD6F-3BE07AF0329A}.Debug|Win32.Build.0 = Debug|Win32
		{3F68FCC3-FFDF-46A9-BD6F-3BE07AF0329A}.Debug|x64.ActiveCfg = Debug|x64
		{3F68FCC3-FFDF-46A9-BD6F-3BE07AF0329A}.Debug|x64.Build.0 = Debug|x64
		{3F68FCC3-FFDF-46A9-BD6F-3BE07AF0329A}.Release|Win32.ActiveCfg = Release|Win32
		{3F68FCC3-FFDF-46A9-BD6F-3BE07AF0329A}.Release|Win32.Build.0 = Release|Win32
		{3F68FCC3-FFDF-46A9-BD6F-3BE07AF0329A}.Release|x64.ActiveCfg = Release|x64
		{3F68FCC3-FFDF-46A9-BD6F-3BE07AF0329A}.Release|x64.Build.0 = Release|x64
		{A1C66F2F-4FAE-4FAE-8F1C-5263D318FCB6}.Debug|Win32.ActiveCfg = Debug|Win32
		{A1C66F2F-4FAE-4FAE-8F1C-5263D318FCB6}.Debug|Win32.Build.0 = Debug|Win32
		{A1C66F2F-4FAE-4FAE-8F1C-5263D318FCB6}.Debug|x64.ActiveCfg = Debug|x64
		{A1C66F2F-4FAE-4FAE-8F1C-5263D318FCB6}.Debug|x64.Build.0 = Debug|x64
		{A1C66F2F-4FAE-4FAE-8F1C-5263D318FCB6}.Release|Win32.ActiveCfg = Release|Win32
		{A1C66F2F-4FAE-4FAE-8F1C-5263D318FCB6}.Release|Win32.Build.0 = Release|Win32
		{A1C66F2F-4FAE-4FAE-8F1C-5263D318FCB6}.Release|x64.ActiveCfg = Release|x64
		{A1C66F2F-4FAE-4FAE-8F1C-5263D318FCB6}.Release|x64.Build.0 = Release|x64
		{5567C605-3643-4A77-86FD-1032C490D1AB}.Debug|Win32.ActiveCfg = Debug|Win32
		{5567C605-3643-4A77-86FD-1032C490D1AB}.Debug|Win32.Build.0 = Debug|Win32
		{5567C605-3643-4A77-86FD-1032C490D1AB}.Debug|x64.ActiveCfg = Debug|x64
		{5567C605-3643-4A77-86FD-1032C490D1AB}.Debug|x64.Build.0 = Debug|x64
		{5567C605-3643-4A77-86FD-1032C490D1AB}.Release|Win32.ActiveCfg = Release|Win32
		{5567C605-3643-4A77-86FD-1032C490D1AB}.Release|Win32.Build.0 = Release|Win32
		{5567C605-3643-4A77-86FD-1032C490D1AB}.Release|x64.ActiveCfg = Release|x64
		{5567C605-3643-4A77-86FD-1032C490D1AB}.Release|x64.Build.0 = Release|x64
		{9C760DD2-0E5B-4ED3-AFFC-A0AAE01EC591}.Debug|Win32.ActiveCfg = Debug|Win32
		{9C760DD2-0E5B-4ED3-AFFC-A0AAE01EC591}.Debug|Win32.Build.0 = Debug|Win32
		{9C760DD2-0E5B-4ED3-AFFC-A0AAE01EC591}.Debug|x64.ActiveCfg = Debug|x64
		{9C760DD2-0E5B-4ED3-AFFC-A0AAE01EC591}.Debug|x64.Build.0 = Debug|x64
		{9C760DD2-0E5B-4ED3-AFFC-A0AAE01EC591}.Release|Win32.ActiveCfg = Release|Win32
		{9C760DD2-0E5B-4ED3-AFFC-A0AAE01EC591}.Release|Win32.Build.0 = Release|Win32
		{9C760DD2-0E5B-4ED3-AFFC-A0AAE01EC591}.Release|x64.ActiveCfg = Release|x64
		{9C760DD2-0E5B-4ED3-AFFC-A0AAE01EC591}.Release|x64.Build.0 = Release|x64
		{7CDE4544-7D84-45C7-9711-1AF55F66F41F}.Debug|Win32.ActiveCfg = Debug|Win32
		{7CDE4544-7D84-45C7-9711-1AF55F66F41F}.Debug|Win32.Build.0 = Debug|Win32
		{7CDE4544-7D84-45C7-9711-1AF55F66F41F}.Debug|x64.ActiveCfg = Debug|x64
		{7CDE4544-7D84-45C7-9711-1AF55F66F41F}.Debug|x64.Build.0 = Debug|x64
		{7CDE4544-7D84-45C7-9711-1AF55F66F41F}.Release|Win32.ActiveCfg = Release|Win32
		{7CDE4544-7D84-45C7-9711-1AF55F66F41F}.Release|Win32.Build.0 = Release|Win32
		{7CDE4544-7D84-45C7-9711-1AF55F66F41F}.Release|x64.ActiveCfg = Release|x64
		{7CDE4544-7D84-45C7-9711-1AF55F66F41F}.Release|x64.Build.0 = Release|x64
		{EDD3DB13-2CDF-499E-A934-05BFF82C926F}.Debug|Win32.ActiveCfg = Debug|Win32
		{EDD3DB13-2CDF-499E-A934-05BFF82C926F}.Debug|Win32.Build.0 = Debug|Win32
		{EDD3DB13-2CDF-499E-A934-05BFF82C926F}.Debug|x64.ActiveCfg = Debug|x64
		{EDD3DB13-2CDF-499E-A934-05BFF82C926F}.Debug|x64.Build.0 = Debug|x64
		{EDD3DB13-2CDF-499E-A934-05BFF82C926F}.Release|Win32.ActiveCfg = Release|Win32
		{EDD3DB13-2CDF-499E-A934-05BFF82C926F}.Release|Win32.Build.0 = Release|Win32
		{EDD3DB13-2CDF-499E-A934-05BFF82C926F}.Release|x64.ActiveCfg = Release|x64
		{EDD3DB13-2CDF-499E-A934-05BFF82C926F}.Release|x64.Build.0 = Release|x64
		{225F01DA-0A8B-4864-A8D2-895456FDA3FD}.Debug|Win32.ActiveCfg = Debug|Win32
		{225F01DA-0A8B-4864-A8D2-895456FDA3FD}.Debug|Win32.Build.0 = Debug|Win32
		{225F01DA-0A8B-4864-A8D2-895456FDA3FD}.Debug|x64.ActiveCfg = Debug|x64
		{225F01DA-0A8B-4864-A8D2-895456FDA3FD}.Debug|x64.Build.0 = Debug|x64
		{225F01DA-0A8B-4864-A8D2-895456FDA3FD}.Release|Win32.ActiveCfg = Release|Win32
		{225F01DA-0A8B-4864-A8D2-895456FDA3FD}.Release|Win32.Build.0 = Release|Win32
		{225F01DA-0A8B-4864-A8D2-895456FDA3FD}.Release|x64.ActiveCfg = Release|x64
		{225F01DA-0A8B-4864-A8D2-895456FDA3FD}.Release|x64.Build.0 = Release|x64
	EndGlobalSection
	GlobalSection(NestedProjects) = preSolution
	EndGlobalSection
EndGlobal
