
Microsoft Visual Studio Solution File, Format Version 12.00
Project("{8BC9CEB8-8B4A-11D0-8D11-00A0C91BC942}") = "Hello", "Hello\Hello.vcxproj", "{2A5B539E-FAE8-4E52-A3F8-0E25C0E06599}"
EndProject
Project("{8BC9CEB8-8B4A-11D0-8D11-00A0C91BC942}") = "add", "add\add.vcxproj", "{17CE0ED6-3882-4B0B-A010-765011F04AA5}"
EndProject
Project("{8BC9CEB8-8B4A-11D0-8D11-00A0C91BC942}") = "ex1_1", "ex1_1\ex1_1.vcxproj", "{C1D30883-FA60-40AA-BFF9-4552C0E4AAFC}"
EndProject
Project("{8BC9CEB8-8B4A-11D0-8D11-00A0C91BC942}") = "ex1_2", "ex1_2\ex1_2.vcxproj", "{54E37342-015A-4A5E-B082-2B1F8F430AF0}"
EndProject
Project("{8BC9CEB8-8B4A-11D0-8D11-00A0C91BC942}") = "ex1_3", "ex1_3\ex1_3.vcxproj", "{9E2FCD41-6F39-4B0D-8F52-DFA82CDBC321}"
EndProject
Project("{8BC9CEB8-8B4A-11D0-8D11-00A0C91BC942}") = "ex1_4", "ex1_4\ex1_4.vcxproj", "{2ED534E4-5991-4174-BA60-5C3186A17EEF}"
EndProject
Project("{8BC9CEB8-8B4A-11D0-8D11-00A0C91BC942}") = "Simple", "Simple\Simple.vcxproj", "{3070D3B3-C914-4222-95DB-1356979168A5}"
EndProject
Project("{8BC9CEB8-8B4A-11D0-8D11-00A0C91BC942}") = "ex2_2", "ex2_2\ex2_2.vcxproj", "{BB29C67B-8D75-4295-9739-53114315FAB5}"
EndProject
Project("{8BC9CEB8-8B4A-11D0-8D11-00A0C91BC942}") = "Simple_2", "Simple_2\Simple_2.vcxproj", "{D5B348D3-DAC8-4C08-BBBB-758C4E4C156B}"
EndProject
Project("{8BC9CEB8-8B4A-11D0-8D11-00A0C91BC942}") = "ex2_3", "ex2_3\ex2_3.vcxproj", "{24ACE87D-F1ED-4587-B338-A98E2ABD056F}"
EndProject
Project("{8BC9CEB8-8B4A-11D0-8D11-00A0C91BC942}") = "ex2_4", "ex2_4\ex2_4.vcxproj", "{BD24F7E6-4145-41A8-BE4C-558A2226E544}"
EndProject
Global
	GlobalSection(SolutionConfigurationPlatforms) = preSolution
		Debug|Win32 = Debug|Win32
		Debug|x64 = Debug|x64
		Release|Win32 = Release|Win32
		Release|x64 = Release|x64
	EndGlobalSection
	GlobalSection(ProjectConfigurationPlatforms) = postSolution
		{2A5B539E-FAE8-4E52-A3F8-0E25C0E06599}.Debug|Win32.ActiveCfg = Debug|Win32
		{2A5B539E-FAE8-4E52-A3F8-0E25C0E06599}.Debug|Win32.Build.0 = Debug|Win32
		{2A5B539E-FAE8-4E52-A3F8-0E25C0E06599}.Debug|x64.ActiveCfg = Debug|x64
		{2A5B539E-FAE8-4E52-A3F8-0E25C0E06599}.Debug|x64.Build.0 = Debug|x64
		{2A5B539E-FAE8-4E52-A3F8-0E25C0E06599}.Release|Win32.ActiveCfg = Release|Win32
		{2A5B539E-FAE8-4E52-A3F8-0E25C0E06599}.Release|Win32.Build.0 = Release|Win32
		{2A5B539E-FAE8-4E52-A3F8-0E25C0E06599}.Release|x64.ActiveCfg = Release|x64
		{2A5B539E-FAE8-4E52-A3F8-0E25C0E06599}.Release|x64.Build.0 = Release|x64
		{17CE0ED6-3882-4B0B-A010-765011F04AA5}.Debug|Win32.ActiveCfg = Debug|Win32
		{17CE0ED6-3882-4B0B-A010-765011F04AA5}.Debug|Win32.Build.0 = Debug|Win32
		{17CE0ED6-3882-4B0B-A010-765011F04AA5}.Debug|x64.ActiveCfg = Debug|x64
		{17CE0ED6-3882-4B0B-A010-765011F04AA5}.Debug|x64.Build.0 = Debug|x64
		{17CE0ED6-3882-4B0B-A010-765011F04AA5}.Release|Win32.ActiveCfg = Release|Win32
		{17CE0ED6-3882-4B0B-A010-765011F04AA5}.Release|Win32.Build.0 = Release|Win32
		{17CE0ED6-3882-4B0B-A010-765011F04AA5}.Release|x64.ActiveCfg = Release|x64
		{17CE0ED6-3882-4B0B-A010-765011F04AA5}.Release|x64.Build.0 = Release|x64
		{C1D30883-FA60-40AA-BFF9-4552C0E4AAFC}.Debug|Win32.ActiveCfg = Debug|Win32
		{C1D30883-FA60-40AA-BFF9-4552C0E4AAFC}.Debug|Win32.Build.0 = Debug|Win32
		{C1D30883-FA60-40AA-BFF9-4552C0E4AAFC}.Debug|x64.ActiveCfg = Debug|x64
		{C1D30883-FA60-40AA-BFF9-4552C0E4AAFC}.Debug|x64.Build.0 = Debug|x64
		{C1D30883-FA60-40AA-BFF9-4552C0E4AAFC}.Release|Win32.ActiveCfg = Release|Win32
		{C1D30883-FA60-40AA-BFF9-4552C0E4AAFC}.Release|Win32.Build.0 = Release|Win32
		{C1D30883-FA60-40AA-BFF9-4552C0E4AAFC}.Release|x64.ActiveCfg = Release|x64
		{C1D30883-FA60-40AA-BFF9-4552C0E4AAFC}.Release|x64.Build.0 = Release|x64
		{54E37342-015A-4A5E-B082-2B1F8F430AF0}.Debug|Win32.ActiveCfg = Debug|Win32
		{54E37342-015A-4A5E-B082-2B1F8F430AF0}.Debug|Win32.Build.0 = Debug|Win32
		{54E37342-015A-4A5E-B082-2B1F8F430AF0}.Debug|x64.ActiveCfg = Debug|x64
		{54E37342-015A-4A5E-B082-2B1F8F430AF0}.Debug|x64.Build.0 = Debug|x64
		{54E37342-015A-4A5E-B082-2B1F8F430AF0}.Release|Win32.ActiveCfg = Release|Win32
		{54E37342-015A-4A5E-B082-2B1F8F430AF0}.Release|Win32.Build.0 = Release|Win32
		{54E37342-015A-4A5E-B082-2B1F8F430AF0}.Release|x64.ActiveCfg = Release|x64
		{54E37342-015A-4A5E-B082-2B1F8F430AF0}.Release|x64.Build.0 = Release|x64
		{9E2FCD41-6F39-4B0D-8F52-DFA82CDBC321}.Debug|Win32.ActiveCfg = Debug|Win32
		{9E2FCD41-6F39-4B0D-8F52-DFA82CDBC321}.Debug|Win32.Build.0 = Debug|Win32
		{9E2FCD41-6F39-4B0D-8F52-DFA82CDBC321}.Debug|x64.ActiveCfg = Debug|x64
		{9E2FCD41-6F39-4B0D-8F52-DFA82CDBC321}.Debug|x64.Build.0 = Debug|x64
		{9E2FCD41-6F39-4B0D-8F52-DFA82CDBC321}.Release|Win32.ActiveCfg = Release|Win32
		{9E2FCD41-6F39-4B0D-8F52-DFA82CDBC321}.Release|Win32.Build.0 = Release|Win32
		{9E2FCD41-6F39-4B0D-8F52-DFA82CDBC321}.Release|x64.ActiveCfg = Release|x64
		{9E2FCD41-6F39-4B0D-8F52-DFA82CDBC321}.Release|x64.Build.0 = Release|x64
		{2ED534E4-5991-4174-BA60-5C3186A17EEF}.Debug|Win32.ActiveCfg = Debug|Win32
		{2ED534E4-5991-4174-BA60-5C3186A17EEF}.Debug|Win32.Build.0 = Debug|Win32
		{2ED534E4-5991-4174-BA60-5C3186A17EEF}.Debug|x64.ActiveCfg = Debug|x64
		{2ED534E4-5991-4174-BA60-5C3186A17EEF}.Debug|x64.Build.0 = Debug|x64
		{2ED534E4-5991-4174-BA60-5C3186A17EEF}.Release|Win32.ActiveCfg = Release|Win32
		{2ED534E4-5991-4174-BA60-5C3186A17EEF}.Release|Win32.Build.0 = Release|Win32
		{2ED534E4-5991-4174-BA60-5C3186A17EEF}.Release|x64.ActiveCfg = Release|x64
		{2ED534E4-5991-4174-BA60-5C3186A17EEF}.Release|x64.Build.0 = Release|x64
		{3070D3B3-C914-4222-95DB-1356979168A5}.Debug|Win32.ActiveCfg = Debug|Win32
		{3070D3B3-C914-4222-95DB-1356979168A5}.Debug|Win32.Build.0 = Debug|Win32
		{3070D3B3-C914-4222-95DB-1356979168A5}.Debug|x64.ActiveCfg = Debug|x64
		{3070D3B3-C914-4222-95DB-1356979168A5}.Debug|x64.Build.0 = Debug|x64
		{3070D3B3-C914-4222-95DB-1356979168A5}.Release|Win32.ActiveCfg = Release|Win32
		{3070D3B3-C914-4222-95DB-1356979168A5}.Release|Win32.Build.0 = Release|Win32
		{3070D3B3-C914-4222-95DB-1356979168A5}.Release|x64.ActiveCfg = Release|x64
		{3070D3B3-C914-4222-95DB-1356979168A5}.Release|x64.Build.0 = Release|x64
		{BB29C67B-8D75-4295-9739-53114315FAB5}.Debug|Win32.ActiveCfg = Debug|Win32
		{BB29C67B-8D75-4295-9739-53114315FAB5}.Debug|Win32.Build.0 = Debug|Win32
		{BB29C67B-8D75-4295-9739-53114315FAB5}.Debug|x64.ActiveCfg = Debug|x64
		{BB29C67B-8D75-4295-9739-53114315FAB5}.Debug|x64.Build.0 = Debug|x64
		{BB29C67B-8D75-4295-9739-53114315FAB5}.Release|Win32.ActiveCfg = Release|Win32
		{BB29C67B-8D75-4295-9739-53114315FAB5}.Release|Win32.Build.0 = Release|Win32
		{BB29C67B-8D75-4295-9739-53114315FAB5}.Release|x64.ActiveCfg = Release|x64
		{BB29C67B-8D75-4295-9739-53114315FAB5}.Release|x64.Build.0 = Release|x64
		{D5B348D3-DAC8-4C08-BBBB-758C4E4C156B}.Debug|Win32.ActiveCfg = Debug|Win32
		{D5B348D3-DAC8-4C08-BBBB-758C4E4C156B}.Debug|Win32.Build.0 = Debug|Win32
		{D5B348D3-DAC8-4C08-BBBB-758C4E4C156B}.Debug|x64.ActiveCfg = Debug|x64
		{D5B348D3-DAC8-4C08-BBBB-758C4E4C156B}.Debug|x64.Build.0 = Debug|x64
		{D5B348D3-DAC8-4C08-BBBB-758C4E4C156B}.Release|Win32.ActiveCfg = Release|Win32
		{D5B348D3-DAC8-4C08-BBBB-758C4E4C156B}.Release|Win32.Build.0 = Release|Win32
		{D5B348D3-DAC8-4C08-BBBB-758C4E4C156B}.Release|x64.ActiveCfg = Release|x64
		{D5B348D3-DAC8-4C08-BBBB-758C4E4C156B}.Release|x64.Build.0 = Release|x64
		{24ACE87D-F1ED-4587-B338-A98E2ABD056F}.Debug|Win32.ActiveCfg = Debug|Win32
		{24ACE87D-F1ED-4587-B338-A98E2ABD056F}.Debug|Win32.Build.0 = Debug|Win32
		{24ACE87D-F1ED-4587-B338-A98E2ABD056F}.Debug|x64.ActiveCfg = Debug|x64
		{24ACE87D-F1ED-4587-B338-A98E2ABD056F}.Debug|x64.Build.0 = Debug|x64
		{24ACE87D-F1ED-4587-B338-A98E2ABD056F}.Release|Win32.ActiveCfg = Release|Win32
		{24ACE87D-F1ED-4587-B338-A98E2ABD056F}.Release|Win32.Build.0 = Release|Win32
		{24ACE87D-F1ED-4587-B338-A98E2ABD056F}.Release|x64.ActiveCfg = Release|x64
		{24ACE87D-F1ED-4587-B338-A98E2ABD056F}.Release|x64.Build.0 = Release|x64
		{BD24F7E6-4145-41A8-BE4C-558A2226E544}.Debug|Win32.ActiveCfg = Debug|Win32
		{BD24F7E6-4145-41A8-BE4C-558A2226E544}.Debug|Win32.Build.0 = Debug|Win32
		{BD24F7E6-4145-41A8-BE4C-558A2226E544}.Debug|x64.ActiveCfg = Debug|x64
		{BD24F7E6-4145-41A8-BE4C-558A2226E544}.Debug|x64.Build.0 = Debug|x64
		{BD24F7E6-4145-41A8-BE4C-558A2226E544}.Release|Win32.ActiveCfg = Release|Win32
		{BD24F7E6-4145-41A8-BE4C-558A2226E544}.Release|Win32.Build.0 = Release|Win32
		{BD24F7E6-4145-41A8-BE4C-558A2226E544}.Release|x64.ActiveCfg = Release|x64
		{BD24F7E6-4145-41A8-BE4C-558A2226E544}.Release|x64.Build.0 = Release|x64
	EndGlobalSection
	GlobalSection(NestedProjects) = preSolution
	EndGlobalSection
EndGlobal
